github.com/AllenDang/w32 v0.0.0-20180428130237-ad0a36d80adc h1:w3fW4b1hPf6/cfdQQ/vu9V8eBeQmuLZIaUMj81nIzYQ=
github.com/AllenDang/w32 v0.0.0-20180428130237-ad0a36d80adc/go.mod h1:1rHKulT5eD2DzdKxDXUZRKtBfkTzLmTL42ZmEmOfyrs=
github.com/hnakamur/w32syscall v0.0.0-20150329104255-b8b99ed86a56 h1:kZ0/GrJre7uciw/jlR6x0CDZ5MQe9ppRuiW8qq+e694=
github.com/hnakamur/w32syscall v0.0.0-20150329104255-b8b99ed86a56/go.mod h1:PGikIopDgEZKXlRJJSymAXwWiQu1w6+gblg4WkaiFew=
